
Microsoft Visual Studio Solution File, Format Version 12.00
# Visual Studio 15
VisualStudioVersion = 15.0.27703.2026
MinimumVisualStudioVersion = 10.0.40219.1
Project("{FAE04EC0-301F-11D3-BF4B-00C04F79EFBC}") = "Teamwork", "Teamwork\Teamwork.csproj", "{22146072-DD8B-4965-97F8-C2DB3CED0B81}"
EndProject
Project("{FAE04EC0-301F-11D3-BF4B-00C04F79EFBC}") = "Teamwork.Test", "Teamwork.Test\Teamwork.Test.csproj", "{C7ADFEB2-C749-482C-AB6A-A48DC4679822}"
EndProject
Global
	GlobalSection(SolutionConfigurationPlatforms) = preSolution
		Debug|Any CPU = Debug|Any CPU
		Release|Any CPU = Release|Any CPU
	EndGlobalSection
	GlobalSection(ProjectConfigurationPlatforms) = postSolution
		{22146072-DD8B-4965-97F8-C2DB3CED0B81}.Debug|Any CPU.ActiveCfg = Debug|Any CPU
		{22146072-DD8B-4965-97F8-C2DB3CED0B81}.Debug|Any CPU.Build.0 = Debug|Any CPU
		{22146072-DD8B-4965-97F8-C2DB3CED0B81}.Release|Any CPU.ActiveCfg = Release|Any CPU
		{22146072-DD8B-4965-97F8-C2DB3CED0B81}.Release|Any CPU.Build.0 = Release|Any CPU
		{C7ADFEB2-C749-482C-AB6A-A48DC4679822}.Debug|Any CPU.ActiveCfg = Debug|Any CPU
		{C7ADFEB2-C749-482C-AB6A-A48DC4679822}.Debug|Any CPU.Build.0 = Debug|Any CPU
		{C7ADFEB2-C749-482C-AB6A-A48DC4679822}.Release|Any CPU.ActiveCfg = Release|Any CPU
		{C7ADFEB2-C749-482C-AB6A-A48DC4679822}.Release|Any CPU.Build.0 = Release|Any CPU
	EndGlobalSection
	GlobalSection(SolutionProperties) = preSolution
		HideSolutionNode = FALSE
	EndGlobalSection
	GlobalSection(ExtensibilityGlobals) = postSolution
		SolutionGuid = {3BBDF96A-C702-490E-98CA-F03D8A5EFD40}
	EndGlobalSection
EndGlobal
